// !$*UTF8*$!
{
	archiveVersion = 1;
	classes = {
	};
	objectVersion = 50;
	objects = {

/* Begin PBXBuildFile section */
		7964593223770C9800979D82 /* AppDelegate.m in Sources */ = {isa = PBXBuildFile; fileRef = 7964593123770C9800979D82 /* AppDelegate.m */; };
		7964593523770C9800979D82 /* SceneDelegate.m in Sources */ = {isa = PBXBuildFile; fileRef = 7964593423770C9800979D82 /* SceneDelegate.m */; };
		7964593823770C9800979D82 /* ViewController.m in Sources */ = {isa = PBXBuildFile; fileRef = 7964593723770C9800979D82 /* ViewController.m */; };
		7964593B23770C9800979D82 /* Main.storyboard in Resources */ = {isa = PBXBuildFile; fileRef = 7964593923770C9800979D82 /* Main.storyboard */; };
		7964593D23770C9B00979D82 /* Assets.xcassets in Resources */ = {isa = PBXBuildFile; fileRef = 7964593C23770C9B00979D82 /* Assets.xcassets */; };
		7964594023770C9B00979D82 /* LaunchScreen.storyboard in Resources */ = {isa = PBXBuildFile; fileRef = 7964593E23770C9B00979D82 /* LaunchScreen.storyboard */; };
		7964594323770C9B00979D82 /* main.m in Sources */ = {isa = PBXBuildFile; fileRef = 7964594223770C9B00979D82 /* main.m */; };
		7964594D23770C9B00979D82 /* GPUImageDemoTests.m in Sources */ = {isa = PBXBuildFile; fileRef = 7964594C23770C9B00979D82 /* GPUImageDemoTests.m */; };
		7964595823770C9B00979D82 /* GPUImageDemoUITests.m in Sources */ = {isa = PBXBuildFile; fileRef = 7964595723770C9B00979D82 /* GPUImageDemoUITests.m */; };
/* End PBXBuildFile section */

/* Begin PBXContainerItemProxy section */
		7964594923770C9B00979D82 /* PBXContainerItemProxy */ = {
			isa = PBXContainerItemProxy;
			containerPortal = 7964592523770C9800979D82 /* Project object */;
			proxyType = 1;
			remoteGlobalIDString = 7964592C23770C9800979D82;
			remoteInfo = GPUImageDemo;
		};
		7964595423770C9B00979D82 /* PBXContainerItemProxy */ = {
			isa = PBXContainerItemProxy;
			containerPortal = 7964592523770C9800979D82 /* Project object */;
			proxyType = 1;
			remoteGlobalIDString = 7964592C23770C9800979D82;
			remoteInfo = GPUImageDemo;
		};
/* End PBXContainerItemProxy section */

/* Begin PBXFileReference section */
		7964592D23770C9800979D82 /* GPUImageDemo.app */ = {isa = PBXFileReference; explicitFileType = wrapper.application; includeInIndex = 0; path = GPUImageDemo.app; sourceTree = BUILT_PRODUCTS_DIR; };
		7964593023770C9800979D82 /* AppDelegate.h */ = {isa = PBXFileReference; lastKnownFileType = sourcecode.c.h; path = AppDelegate.h; sourceTree = "<group>"; };
		7964593123770C9800979D82 /* AppDelegate.m */ = {isa = PBXFileReference; lastKnownFileType = sourcecode.c.objc; path = AppDelegate.m; sourceTree = "<group>"; };
		7964593323770C9800979D82 /* SceneDelegate.h */ = {isa = PBXFileReference; lastKnownFileType = sourcecode.c.h; path = SceneDelegate.h; sourceTree = "<group>"; };
		7964593423770C9800979D82 /* SceneDelegate.m */ = {isa = PBXFileReference; lastKnownFileType = sourcecode.c.objc; path = SceneDelegate.m; sourceTree = "<group>"; };
		7964593623770C9800979D82 /* ViewController.h */ = {isa = PBXFileReference; lastKnownFileType = sourcecode.c.h; path = ViewController.h; sourceTree = "<group>"; };
		7964593723770C9800979D82 /* ViewController.m */ = {isa = PBXFileReference; lastKnownFileType = sourcecode.c.objc; path = ViewController.m; sourceTree = "<group>"; };
		7964593A23770C9800979D82 /* Base */ = {isa = PBXFileReference; lastKnownFileType = file.storyboard; name = Base; path = Base.lproj/Main.storyboard; sourceTree = "<group>"; };
		7964593C23770C9B00979D82 /* Assets.xcassets */ = {isa = PBXFileReference; lastKnownFileType = folder.assetcatalog; path = Assets.xcassets; sourceTree = "<group>"; };
		7964593F23770C9B00979D82 /* Base */ = {isa = PBXFileReference; lastKnownFileType = file.storyboard; name = Base; path = Base.lproj/LaunchScreen.storyboard; sourceTree = "<group>"; };
		7964594123770C9B00979D82 /* Info.plist */ = {isa = PBXFileReference; lastKnownFileType = text.plist.xml; path = Info.plist; sourceTree = "<group>"; };
		7964594223770C9B00979D82 /* main.m */ = {isa = PBXFileReference; lastKnownFileType = sourcecode.c.objc; path = main.m; sourceTree = "<group>"; };
		7964594823770C9B00979D82 /* GPUImageDemoTests.xctest */ = {isa = PBXFileReference; explicitFileType = wrapper.cfbundle; includeInIndex = 0; path = GPUImageDemoTests.xctest; sourceTree = BUILT_PRODUCTS_DIR; };
		7964594C23770C9B00979D82 /* GPUImageDemoTests.m */ = {isa = PBXFileReference; lastKnownFileType = sourcecode.c.objc; path = GPUImageDemoTests.m; sourceTree = "<group>"; };
		7964594E23770C9B00979D82 /* Info.plist */ = {isa = PBXFileReference; lastKnownFileType = text.plist.xml; path = Info.plist; sourceTree = "<group>"; };
		7964595323770C9B00979D82 /* GPUImageDemoUITests.xctest */ = {isa = PBXFileReference; explicitFileType = wrapper.cfbundle; includeInIndex = 0; path = GPUImageDemoUITests.xctest; sourceTree = BUILT_PRODUCTS_DIR; };
		7964595723770C9B00979D82 /* GPUImageDemoUITests.m */ = {isa = PBXFileReference; lastKnownFileType = sourcecode.c.objc; path = GPUImageDemoUITests.m; sourceTree = "<group>"; };
		7964595923770C9B00979D82 /* Info.plist */ = {isa = PBXFileReference; lastKnownFileType = text.plist.xml; path = Info.plist; sourceTree = "<group>"; };
/* End PBXFileReference section */

/* Begin PBXFrameworksBuildPhase section */
		7964592A23770C9800979D82 /* Frameworks */ = {
			isa = PBXFrameworksBuildPhase;
			buildActionMask = 2147483647;
			files = (
			);
			runOnlyForDeploymentPostprocessing = 0;
		};
		7964594523770C9B00979D82 /* Frameworks */ = {
			isa = PBXFrameworksBuildPhase;
			buildActionMask = 2147483647;
			files = (
			);
			runOnlyForDeploymentPostprocessing = 0;
		};
		7964595023770C9B00979D82 /* Frameworks */ = {
			isa = PBXFrameworksBuildPhase;
			buildActionMask = 2147483647;
			files = (
			);
			runOnlyForDeploymentPostprocessing = 0;
		};
/* End PBXFrameworksBuildPhase section */

/* Begin PBXGroup section */
		7964592423770C9800979D82 = {
			isa = PBXGroup;
			children = (
				7964592F23770C9800979D82 /* GPUImageDemo */,
				7964594B23770C9B00979D82 /* GPUImageDemoTests */,
				7964595623770C9B00979D82 /* GPUImageDemoUITests */,
				7964592E23770C9800979D82 /* Products */,
			);
			sourceTree = "<group>";
		};
		7964592E23770C9800979D82 /* Products */ = {
			isa = PBXGroup;
			children = (
				7964592D23770C9800979D82 /* GPUImageDemo.app */,
				7964594823770C9B00979D82 /* GPUImageDemoTests.xctest */,
				7964595323770C9B00979D82 /* GPUImageDemoUITests.xctest */,
			);
			name = Products;
			sourceTree = "<group>";
		};
		7964592F23770C9800979D82 /* GPUImageDemo */ = {
			isa = PBXGroup;
			children = (
				7964593023770C9800979D82 /* AppDelegate.h */,
				7964593123770C9800979D82 /* AppDelegate.m */,
				7964593323770C9800979D82 /* SceneDelegate.h */,
				7964593423770C9800979D82 /* SceneDelegate.m */,
				7964593623770C9800979D82 /* ViewController.h */,
				7964593723770C9800979D82 /* ViewController.m */,
				7964593923770C9800979D82 /* Main.storyboard */,
				7964593C23770C9B00979D82 /* Assets.xcassets */,
				7964593E23770C9B00979D82 /* LaunchScreen.storyboard */,
				7964594123770C9B00979D82 /* Info.plist */,
				7964594223770C9B00979D82 /* main.m */,
			);
			path = GPUImageDemo;
			sourceTree = "<group>";
		};
		7964594B23770C9B00979D82 /* GPUImageDemoTests */ = {
			isa = PBXGroup;
			children = (
				7964594C23770C9B00979D82 /* GPUImageDemoTests.m */,
				7964594E23770C9B00979D82 /* Info.plist */,
			);
			path = GPUImageDemoTests;
			sourceTree = "<group>";
		};
		7964595623770C9B00979D82 /* GPUImageDemoUITests */ = {
			isa = PBXGroup;
			children = (
				7964595723770C9B00979D82 /* GPUImageDemoUITests.m */,
				7964595923770C9B00979D82 /* Info.plist */,
			);
			path = GPUImageDemoUITests;
			sourceTree = "<group>";
		};
/* End PBXGroup section */

/* Begin PBXNativeTarget section */
		7964592C23770C9800979D82 /* GPUImageDemo */ = {
			isa = PBXNativeTarget;
			buildConfigurationList = 7964595C23770C9B00979D82 /* Build configuration list for PBXNativeTarget "GPUImageDemo" */;
			buildPhases = (
				7964592923770C9800979D82 /* Sources */,
				7964592A23770C9800979D82 /* Frameworks */,
				7964592B23770C9800979D82 /* Resources */,
			);
			buildRules = (
			);
			dependencies = (
			);
			name = GPUImageDemo;
			productName = GPUImageDemo;
			productReference = 7964592D23770C9800979D82 /* GPUImageDemo.app */;
			productType = "com.apple.product-type.application";
		};
		7964594723770C9B00979D82 /* GPUImageDemoTests */ = {
			isa = PBXNativeTarget;
			buildConfigurationList = 7964595F23770C9B00979D82 /* Build configuration list for PBXNativeTarget "GPUImageDemoTests" */;
			buildPhases = (
				7964594423770C9B00979D82 /* Sources */,
				7964594523770C9B00979D82 /* Frameworks */,
				7964594623770C9B00979D82 /* Resources */,
			);
			buildRules = (
			);
			dependencies = (
				7964594A23770C9B00979D82 /* PBXTargetDependency */,
			);
			name = GPUImageDemoTests;
			productName = GPUImageDemoTests;
			productReference = 7964594823770C9B00979D82 /* GPUImageDemoTests.xctest */;
			productType = "com.apple.product-type.bundle.unit-test";
		};
		7964595223770C9B00979D82 /* GPUImageDemoUITests */ = {
			isa = PBXNativeTarget;
			buildConfigurationList = 7964596223770C9B00979D82 /* Build configuration list for PBXNativeTarget "GPUImageDemoUITests" */;
			buildPhases = (
				7964594F23770C9B00979D82 /* Sources */,
				7964595023770C9B00979D82 /* Frameworks */,
				7964595123770C9B00979D82 /* Resources */,
			);
			buildRules = (
			);
			dependencies = (
				7964595523770C9B00979D82 /* PBXTargetDependency */,
			);
			name = GPUImageDemoUITests;
			productName = GPUImageDemoUITests;
			productReference = 7964595323770C9B00979D82 /* GPUImageDemoUITests.xctest */;
			productType = "com.apple.product-type.bundle.ui-testing";
		};
/* End PBXNativeTarget section */

/* Begin PBXProject section */
		7964592523770C9800979D82 /* Project object */ = {
			isa = PBXProject;
			attributes = {
				LastUpgradeCheck = 1110;
				ORGANIZATIONNAME = xufuyang;
				TargetAttributes = {
					7964592C23770C9800979D82 = {
						CreatedOnToolsVersion = 11.1;
					};
					7964594723770C9B00979D82 = {
						CreatedOnToolsVersion = 11.1;
						TestTargetID = 7964592C23770C9800979D82;
					};
					7964595223770C9B00979D82 = {
						CreatedOnToolsVersion = 11.1;
						TestTargetID = 7964592C23770C9800979D82;
					};
				};
			};
			buildConfigurationList = 7964592823770C9800979D82 /* Build configuration list for PBXProject "GPUImageDemo" */;
			compatibilityVersion = "Xcode 9.3";
			developmentRegion = en;
			hasScannedForEncodings = 0;
			knownRegions = (
				en,
				Base,
			);
			mainGroup = 7964592423770C9800979D82;
			productRefGroup = 7964592E23770C9800979D82 /* Products */;
			projectDirPath = "";
			projectRoot = "";
			targets = (
				7964592C23770C9800979D82 /* GPUImageDemo */,
				7964594723770C9B00979D82 /* GPUImageDemoTests */,
				7964595223770C9B00979D82 /* GPUImageDemoUITests */,
			);
		};
/* End PBXProject section */

/* Begin PBXResourcesBuildPhase section */
		7964592B23770C9800979D82 /* Resources */ = {
			isa = PBXResourcesBuildPhase;
			buildActionMask = 2147483647;
			files = (
				7964594023770C9B00979D82 /* LaunchScreen.storyboard in Resources */,
				7964593D23770C9B00979D82 /* Assets.xcassets in Resources */,
				7964593B23770C9800979D82 /* Main.storyboard in Resources */,
			);
			runOnlyForDeploymentPostprocessing = 0;
		};
		7964594623770C9B00979D82 /* Resources */ = {
			isa = PBXResourcesBuildPhase;
			buildActionMask = 2147483647;
			files = (
			);
			runOnlyForDeploymentPostprocessing = 0;
		};
		7964595123770C9B00979D82 /* Resources */ = {
			isa = PBXResourcesBuildPhase;
			buildActionMask = 2147483647;
			files = (
			);
			runOnlyForDeploymentPostprocessing = 0;
		};
/* End PBXResourcesBuildPhase section */

/* Begin PBXSourcesBuildPhase section */
		7964592923770C9800979D82 /* Sources */ = {
			isa = PBXSourcesBuildPhase;
			buildActionMask = 2147483647;
			files = (
				7964593823770C9800979D82 /* ViewController.m in Sources */,
				7964593223770C9800979D82 /* AppDelegate.m in Sources */,
				7964594323770C9B00979D82 /* main.m in Sources */,
				7964593523770C9800979D82 /* SceneDelegate.m in Sources */,
			);
			runOnlyForDeploymentPostprocessing = 0;
		};
		7964594423770C9B00979D82 /* Sources */ = {
			isa = PBXSourcesBuildPhase;
			buildActionMask = 2147483647;
			files = (
				7964594D23770C9B00979D82 /* GPUImageDemoTests.m in Sources */,
			);
			runOnlyForDeploymentPostprocessing = 0;
		};
		7964594F23770C9B00979D82 /* Sources */ = {
			isa = PBXSourcesBuildPhase;
			buildActionMask = 2147483647;
			files = (
				7964595823770C9B00979D82 /* GPUImageDemoUITests.m in Sources */,
			);
			runOnlyForDeploymentPostprocessing = 0;
		};
/* End PBXSourcesBuildPhase section */

/* Begin PBXTargetDependency section */
		7964594A23770C9B00979D82 /* PBXTargetDependency */ = {
			isa = PBXTargetDependency;
			target = 7964592C23770C9800979D82 /* GPUImageDemo */;
			targetProxy = 7964594923770C9B00979D82 /* PBXContainerItemProxy */;
		};
		7964595523770C9B00979D82 /* PBXTargetDependency */ = {
			isa = PBXTargetDependency;
			target = 7964592C23770C9800979D82 /* GPUImageDemo */;
			targetProxy = 7964595423770C9B00979D82 /* PBXContainerItemProxy */;
		};
/* End PBXTargetDependency section */

/* Begin PBXVariantGroup section */
		7964593923770C9800979D82 /* Main.storyboard */ = {
			isa = PBXVariantGroup;
			children = (
				7964593A23770C9800979D82 /* Base */,
			);
			name = Main.storyboard;
			sourceTree = "<group>";
		};
		7964593E23770C9B00979D82 /* LaunchScreen.storyboard */ = {
			isa = PBXVariantGroup;
			children = (
				7964593F23770C9B00979D82 /* Base */,
			);
			name = LaunchScreen.storyboard;
			sourceTree = "<group>";
		};
/* End PBXVariantGroup section */

/* Begin XCBuildConfiguration section */
		7964595A23770C9B00979D82 /* Debug */ = {
			isa = XCBuildConfiguration;
			buildSettings = {
				ALWAYS_SEARCH_USER_PATHS = NO;
				CLANG_ANALYZER_NONNULL = YES;
				CLANG_ANALYZER_NUMBER_OBJECT_CONVERSION = YES_AGGRESSIVE;
				CLANG_CXX_LANGUAGE_STANDARD = "gnu++14";
				CLANG_CXX_LIBRARY = "libc++";
				CLANG_ENABLE_MODULES = YES;
				CLANG_ENABLE_OBJC_ARC = YES;
				CLANG_ENABLE_OBJC_WEAK = YES;
				CLANG_WARN_BLOCK_CAPTURE_AUTORELEASING = YES;
				CLANG_WARN_BOOL_CONVERSION = YES;
				CLANG_WARN_COMMA = YES;
				CLANG_WARN_CONSTANT_CONVERSION = YES;
				CLANG_WARN_DEPRECATED_OBJC_IMPLEMENTATIONS = YES;
				CLANG_WARN_DIRECT_OBJC_ISA_USAGE = YES_ERROR;
				CLANG_WARN_DOCUMENTATION_COMMENTS = YES;
				CLANG_WARN_EMPTY_BODY = YES;
				CLANG_WARN_ENUM_CONVERSION = YES;
				CLANG_WARN_INFINITE_RECURSION = YES;
				CLANG_WARN_INT_CONVERSION = YES;
				CLANG_WARN_NON_LITERAL_NULL_CONVERSION = YES;
				CLANG_WARN_OBJC_IMPLICIT_RETAIN_SELF = YES;
				CLANG_WARN_OBJC_LITERAL_CONVERSION = YES;
				CLANG_WARN_OBJC_ROOT_CLASS = YES_ERROR;
				CLANG_WARN_RANGE_LOOP_ANALYSIS = YES;
				CLANG_WARN_STRICT_PROTOTYPES = YES;
				CLANG_WARN_SUSPICIOUS_MOVE = YES;
				CLANG_WARN_UNGUARDED_AVAILABILITY = YES_AGGRESSIVE;
				CLANG_WARN_UNREACHABLE_CODE = YES;
				CLANG_WARN__DUPLICATE_METHOD_MATCH = YES;
				COPY_PHASE_STRIP = NO;
				DEBUG_INFORMATION_FORMAT = dwarf;
				ENABLE_STRICT_OBJC_MSGSEND = YES;
				ENABLE_TESTABILITY = YES;
				GCC_C_LANGUAGE_STANDARD = gnu11;
				GCC_DYNAMIC_NO_PIC = NO;
				GCC_NO_COMMON_BLOCKS = YES;
				GCC_OPTIMIZATION_LEVEL = 0;
				GCC_PREPROCESSOR_DEFINITIONS = (
					"DEBUG=1",
					"$(inherited)",
				);
				GCC_WARN_64_TO_32_BIT_CONVERSION = YES;
				GCC_WARN_ABOUT_RETURN_TYPE = YES_ERROR;
				GCC_WARN_UNDECLARED_SELECTOR = YES;
				GCC_WARN_UNINITIALIZED_AUTOS = YES_AGGRESSIVE;
				GCC_WARN_UNUSED_FUNCTION = YES;
				GCC_WARN_UNUSED_VARIABLE = YES;
				IPHONEOS_DEPLOYMENT_TARGET = 13.1;
				MTL_ENABLE_DEBUG_INFO = INCLUDE_SOURCE;
				MTL_FAST_MATH = YES;
				ONLY_ACTIVE_ARCH = YES;
				SDKROOT = iphoneos;
			};
			name = Debug;
		};
		7964595B23770C9B00979D82 /* Release */ = {
			isa = XCBuildConfiguration;
			buildSettings = {
				ALWAYS_SEARCH_USER_PATHS = NO;
				CLANG_ANALYZER_NONNULL = YES;
				CLANG_ANALYZER_NUMBER_OBJECT_CONVERSION = YES_AGGRESSIVE;
				CLANG_CXX_LANGUAGE_STANDARD = "gnu++14";
				CLANG_CXX_LIBRARY = "libc++";
				CLANG_ENABLE_MODULES = YES;
				CLANG_ENABLE_OBJC_ARC = YES;
				CLANG_ENABLE_OBJC_WEAK = YES;
				CLANG_WARN_BLOCK_CAPTURE_AUTORELEASING = YES;
				CLANG_WARN_BOOL_CONVERSION = YES;
				CLANG_WARN_COMMA = YES;
				CLANG_WARN_CONSTANT_CONVERSION = YES;
				CLANG_WARN_DEPRECATED_OBJC_IMPLEMENTATIONS = YES;
				CLANG_WARN_DIRECT_OBJC_ISA_USAGE = YES_ERROR;
				CLANG_WARN_DOCUMENTATION_COMMENTS = YES;
				CLANG_WARN_EMPTY_BODY = YES;
				CLANG_WARN_ENUM_CONVERSION = YES;
				CLANG_WARN_INFINITE_RECURSION = YES;
				CLANG_WARN_INT_CONVERSION = YES;
				CLANG_WARN_NON_LITERAL_NULL_CONVERSION = YES;
				CLANG_WARN_OBJC_IMPLICIT_RETAIN_SELF = YES;
				CLANG_WARN_OBJC_LITERAL_CONVERSION = YES;
				CLANG_WARN_OBJC_ROOT_CLASS = YES_ERROR;
				CLANG_WARN_RANGE_LOOP_ANALYSIS = YES;
				CLANG_WARN_STRICT_PROTOTYPES = YES;
				CLANG_WARN_SUSPICIOUS_MOVE = YES;
				CLANG_WARN_UNGUARDED_AVAILABILITY = YES_AGGRESSIVE;
				CLANG_WARN_UNREACHABLE_CODE = YES;
				CLANG_WARN__DUPLICATE_METHOD_MATCH = YES;
				COPY_PHASE_STRIP = NO;
				DEBUG_INFORMATION_FORMAT = "dwarf-with-dsym";
				ENABLE_NS_ASSERTIONS = NO;
				ENABLE_STRICT_OBJC_MSGSEND = YES;
				GCC_C_LANGUAGE_STANDARD = gnu11;
				GCC_NO_COMMON_BLOCKS = YES;
				GCC_WARN_64_TO_32_BIT_CONVERSION = YES;
				GCC_WARN_ABOUT_RETURN_TYPE = YES_ERROR;
				GCC_WARN_UNDECLARED_SELECTOR = YES;
				GCC_WARN_UNINITIALIZED_AUTOS = YES_AGGRESSIVE;
				GCC_WARN_UNUSED_FUNCTION = YES;
				GCC_WARN_UNUSED_VARIABLE = YES;
				IPHONEOS_DEPLOYMENT_TARGET = 13.1;
				MTL_ENABLE_DEBUG_INFO = NO;
				MTL_FAST_MATH = YES;
				SDKROOT = iphoneos;
				VALIDATE_PRODUCT = YES;
			};
			name = Release;
		};
		7964595D23770C9B00979D82 /* Debug */ = {
			isa = XCBuildConfiguration;
			buildSettings = {
				ASSETCATALOG_COMPILER_APPICON_NAME = AppIcon;
				CODE_SIGN_STYLE = Automatic;
				DEVELOPMENT_TEAM = XW8565VE4F;
				INFOPLIST_FILE = GPUImageDemo/Info.plist;
				LD_RUNPATH_SEARCH_PATHS = (
					"$(inherited)",
					"@executable_path/Frameworks",
				);
				PRODUCT_BUNDLE_IDENTIFIER = com.xufuyang.GPUImageDemo;
				PRODUCT_NAME = "$(TARGET_NAME)";
				TARGETED_DEVICE_FAMILY = "1,2";
			};
			name = Debug;
		};
		7964595E23770C9B00979D82 /* Release */ = {
			isa = XCBuildConfiguration;
			buildSettings = {
				ASSETCATALOG_COMPILER_APPICON_NAME = AppIcon;
				CODE_SIGN_STYLE = Automatic;
				DEVELOPMENT_TEAM = XW8565VE4F;
				INFOPLIST_FILE = GPUImageDemo/Info.plist;
				LD_RUNPATH_SEARCH_PATHS = (
					"$(inherited)",
					"@executable_path/Frameworks",
				);
				PRODUCT_BUNDLE_IDENTIFIER = com.xufuyang.GPUImageDemo;
				PRODUCT_NAME = "$(TARGET_NAME)";
				TARGETED_DEVICE_FAMILY = "1,2";
			};
			name = Release;
		};
		7964596023770C9B00979D82 /* Debug */ = {
			isa = XCBuildConfiguration;
			buildSettings = {
				BUNDLE_LOADER = "$(TEST_HOST)";
				CODE_SIGN_STYLE = Automatic;
				DEVELOPMENT_TEAM = XW8565VE4F;
				INFOPLIST_FILE = GPUImageDemoTests/Info.plist;
				IPHONEOS_DEPLOYMENT_TARGET = 13.1;
				LD_RUNPATH_SEARCH_PATHS = (
					"$(inherited)",
					"@executable_path/Frameworks",
					"@loader_path/Frameworks",
				);
				PRODUCT_BUNDLE_IDENTIFIER = com.xufuyang.GPUImageDemoTests;
				PRODUCT_NAME = "$(TARGET_NAME)";
				TARGETED_DEVICE_FAMILY = "1,2";
				TEST_HOST = "$(BUILT_PRODUCTS_DIR)/GPUImageDemo.app/GPUImageDemo";
			};
			name = Debug;
		};
		7964596123770C9B00979D82 /* Release */ = {
			isa = XCBuildConfiguration;
			buildSettings = {
				BUNDLE_LOADER = "$(TEST_HOST)";
				CODE_SIGN_STYLE = Automatic;
				DEVELOPMENT_TEAM = XW8565VE4F;
				INFOPLIST_FILE = GPUImageDemoTests/Info.plist;
				IPHONEOS_DEPLOYMENT_TARGET = 13.1;
				LD_RUNPATH_SEARCH_PATHS = (
					"$(inherited)",
					"@executable_path/Frameworks",
					"@loader_path/Frameworks",
				);
				PRODUCT_BUNDLE_IDENTIFIER = com.xufuyang.GPUImageDemoTests;
				PRODUCT_NAME = "$(TARGET_NAME)";
				TARGETED_DEVICE_FAMILY = "1,2";
				TEST_HOST = "$(BUILT_PRODUCTS_DIR)/GPUImageDemo.app/GPUImageDemo";
			};
			name = Release;
		};
		7964596323770C9B00979D82 /* Debug */ = {
			isa = XCBuildConfiguration;
			buildSettings = {
				CODE_SIGN_STYLE = Automatic;
				DEVELOPMENT_TEAM = XW8565VE4F;
				INFOPLIST_FILE = GPUImageDemoUITests/Info.plist;
				LD_RUNPATH_SEARCH_PATHS = (
					"$(inherited)",
					"@executable_path/Frameworks",
					"@loader_path/Frameworks",
				);
				PRODUCT_BUNDLE_IDENTIFIER = com.xufuyang.GPUImageDemoUITests;
				PRODUCT_NAME = "$(TARGET_NAME)";
				TARGETED_DEVICE_FAMILY = "1,2";
				TEST_TARGET_NAME = GPUImageDemo;
			};
			name = Debug;
		};
		7964596423770C9B00979D82 /* Release */ = {
			isa = XCBuildConfiguration;
			buildSettings = {
				CODE_SIGN_STYLE = Automatic;
				DEVELOPMENT_TEAM = XW8565VE4F;
				INFOPLIST_FILE = GPUImageDemoUITests/Info.plist;
				LD_RUNPATH_SEARCH_PATHS = (
					"$(inherited)",
					"@executable_path/Frameworks",
					"@loader_path/Frameworks",
				);
				PRODUCT_BUNDLE_IDENTIFIER = com.xufuyang.GPUImageDemoUITests;
				PRODUCT_NAME = "$(TARGET_NAME)";
				TARGETED_DEVICE_FAMILY = "1,2";
				TEST_TARGET_NAME = GPUImageDemo;
			};
			name = Release;
		};
/* End XCBuildConfiguration section */

/* Begin XCConfigurationList section */
		7964592823770C9800979D82 /* Build configuration list for PBXProject "GPUImageDemo" */ = {
			isa = XCConfigurationList;
			buildConfigurations = (
				7964595A23770C9B00979D82 /* Debug */,
				7964595B23770C9B00979D82 /* Release */,
			);
			defaultConfigurationIsVisible = 0;
			defaultConfigurationName = Release;
		};
		7964595C23770C9B00979D82 /* Build configuration list for PBXNativeTarget "GPUImageDemo" */ = {
			isa = XCConfigurationList;
			buildConfigurations = (
				7964595D23770C9B00979D82 /* Debug */,
				7964595E23770C9B00979D82 /* Release */,
			);
			defaultConfigurationIsVisible = 0;
			defaultConfigurationName = Release;
		};
		7964595F23770C9B00979D82 /* Build configuration list for PBXNativeTarget "GPUImageDemoTests" */ = {
			isa = XCConfigurationList;
			buildConfigurations = (
				7964596023770C9B00979D82 /* Debug */,
				7964596123770C9B00979D82 /* Release */,
			);
			defaultConfigurationIsVisible = 0;
			defaultConfigurationName = Release;
		};
		7964596223770C9B00979D82 /* Build configuration list for PBXNativeTarget "GPUImageDemoUITests" */ = {
			isa = XCConfigurationList;
			buildConfigurations = (
				7964596323770C9B00979D82 /* Debug */,
				7964596423770C9B00979D82 /* Release */,
			);
			defaultConfigurationIsVisible = 0;
			defaultConfigurationName = Release;
		};
/* End XCConfigurationList section */
	};
	rootObject = 7964592523770C9800979D82 /* Project object */;
}
